
Microsoft Visual Studio Solution File, Format Version 12.00
# Visual Studio 15
VisualStudioVersion = 15.0.26430.12
MinimumVisualStudioVersion = 10.0.40219.1
Project("{FAE04EC0-301F-11D3-BF4B-00C04F79EFBC}") = "labppo1", "labppo1\labppo1.csproj", "{155768FE-17AB-4EFA-8CD7-1E0E77438404}"
EndProject
Project("{FAE04EC0-301F-11D3-BF4B-00C04F79EFBC}") = "Plugin1", "Plugin1\Plugin1.csproj", "{4E692087-3683-48FE-9DD2-EB2A1EAA8999}"
EndProject
Project("{FAE04EC0-301F-11D3-BF4B-00C04F79EFBC}") = "Plugin2", "Plugin2\Plugin2.csproj", "{DA373323-BFC5-42AF-B547-91AE1AA97F48}"
EndProject
Global
	GlobalSection(SolutionConfigurationPlatforms) = preSolution
		Debug|Any CPU = Debug|Any CPU
		Release|Any CPU = Release|Any CPU
	EndGlobalSection
	GlobalSection(ProjectConfigurationPlatforms) = postSolution
		{155768FE-17AB-4EFA-8CD7-1E0E77438404}.Debug|Any CPU.ActiveCfg = Debug|Any CPU
		{155768FE-17AB-4EFA-8CD7-1E0E77438404}.Debug|Any CPU.Build.0 = Debug|Any CPU
		{155768FE-17AB-4EFA-8CD7-1E0E77438404}.Release|Any CPU.ActiveCfg = Release|Any CPU
		{155768FE-17AB-4EFA-8CD7-1E0E77438404}.Release|Any CPU.Build.0 = Release|Any CPU
		{4E692087-3683-48FE-9DD2-EB2A1EAA8999}.Debug|Any CPU.ActiveCfg = Debug|Any CPU
		{4E692087-3683-48FE-9DD2-EB2A1EAA8999}.Debug|Any CPU.Build.0 = Debug|Any CPU
		{4E692087-3683-48FE-9DD2-EB2A1EAA8999}.Release|Any CPU.ActiveCfg = Release|Any CPU
		{4E692087-3683-48FE-9DD2-EB2A1EAA8999}.Release|Any CPU.Build.0 = Release|Any CPU
		{DA373323-BFC5-42AF-B547-91AE1AA97F48}.Debug|Any CPU.ActiveCfg = Debug|Any CPU
		{DA373323-BFC5-42AF-B547-91AE1AA97F48}.Debug|Any CPU.Build.0 = Debug|Any CPU
		{DA373323-BFC5-42AF-B547-91AE1AA97F48}.Release|Any CPU.ActiveCfg = Release|Any CPU
		{DA373323-BFC5-42AF-B547-91AE1AA97F48}.Release|Any CPU.Build.0 = Release|Any CPU
	EndGlobalSection
	GlobalSection(SolutionProperties) = preSolution
		HideSolutionNode = FALSE
	EndGlobalSection
EndGlobal
